# This file was autogenerated by Stack.
# You should not edit this file by hand.
# For more information, please see the documentation at:
#   https://docs.haskellstack.org/en/stable/lock_files

packages:
- completed:
    hackage: hakyll-4.12.5.0@sha256:f55a2e99e1c2c780d74222c174bfbe77c90e6453c8ba2465a722ea995b69a4da,8644
    pantry-tree:
      size: 7562
      sha256: 24e76156893a30da6210267e59a6c018ce5bef1ef5d5c82b8488a25c17307987
  original:
    hackage: hakyll-4.12.5.0
- completed:
    hackage: lrucache-1.2.0.1@sha256:18fc3d7052012c7ab3cd395160f34b53c5e1ec5379cc45185baf35b90ffadc2e,1254
    pantry-tree:
      size: 619
      sha256: 61b2a39a11873f2d8a577e1f6b5e848d2f465ea7f6837ce15436796d3a20eda0
  original:
    hackage: lrucache-1.2.0.1
snapshots:
- completed:
    size: 491155
    url: https://raw.githubusercontent.com/commercialhaskell/stackage-snapshots/master/lts/13/0.yaml
    sha256: 8d3c33e0feab8e04b9ed31452e0219a2b827ed1338c809f79d986c71a177e6ba
  original: lts-13.0
