# This file was autogenerated by Stack.
# You should not edit this file by hand.
# For more information, please see the documentation at:
#   https://docs.haskellstack.org/en/stable/lock_files

packages:
- completed:
    hackage: hakyll-4.13.0.1@sha256:0f27d74feaedc96648ec5377ecec2b35dd677516c9667d179462a350f2075628,8817
    pantry-tree:
      size: 7841
      sha256: 4a4409d287ee3daabb0141e3ebd3d2e88ead7382ba5cc582733907b4a938c4a8
  original:
    hackage: hakyll-4.13.0.1
snapshots:
- completed:
    size: 524127
    url: https://raw.githubusercontent.com/commercialhaskell/stackage-snapshots/master/lts/14/6.yaml
    sha256: dc70dfb45e2c32f54719819bd055f46855dd4b3bd2e58b9f3f38729a2d553fbb
  original: lts-14.6
